// !$*UTF8*$!
{
	archiveVersion = 1;
	classes = {
	};
	objectVersion = 46;
	objects = {

/* Begin PBXBuildFile section */
		745BC55A1DCA18F000689EAE /* AppDelegate.swift in Sources */ = {isa = PBXBuildFile; fileRef = 745BC5591DCA18F000689EAE /* AppDelegate.swift */; };
		745BC55C1DCA18F000689EAE /* ViewController.swift in Sources */ = {isa = PBXBuildFile; fileRef = 745BC55B1DCA18F000689EAE /* ViewController.swift */; };
		745BC55F1DCA18F000689EAE /* Main.storyboard in Resources */ = {isa = PBXBuildFile; fileRef = 745BC55D1DCA18F000689EAE /* Main.storyboard */; };
		745BC5611DCA18F100689EAE /* Assets.xcassets in Resources */ = {isa = PBXBuildFile; fileRef = 745BC5601DCA18F100689EAE /* Assets.xcassets */; };
		745BC5641DCA18F100689EAE /* LaunchScreen.storyboard in Resources */ = {isa = PBXBuildFile; fileRef = 745BC5621DCA18F100689EAE /* LaunchScreen.storyboard */; };
		745BC56C1DCA1A1F00689EAE /* test.swift in Sources */ = {isa = PBXBuildFile; fileRef = 745BC56B1DCA1A1F00689EAE /* test.swift */; };
/* End PBXBuildFile section */

/* Begin PBXFileReference section */
		745BC5561DCA18F000689EAE /* EmptyProject.app */ = {isa = PBXFileReference; explicitFileType = wrapper.application; includeInIndex = 0; path = EmptyProject.app; sourceTree = BUILT_PRODUCTS_DIR; };
		745BC5591DCA18F000689EAE /* AppDelegate.swift */ = {isa = PBXFileReference; lastKnownFileType = sourcecode.swift; path = AppDelegate.swift; sourceTree = "<group>"; };
		745BC55B1DCA18F000689EAE /* ViewController.swift */ = {isa = PBXFileReference; lastKnownFileType = sourcecode.swift; path = ViewController.swift; sourceTree = "<group>"; };
		745BC55E1DCA18F000689EAE /* Base */ = {isa = PBXFileReference; lastKnownFileType = file.storyboard; name = Base; path = Base.lproj/Main.storyboard; sourceTree = "<group>"; };
		745BC5601DCA18F100689EAE /* Assets.xcassets */ = {isa = PBXFileReference; lastKnownFileType = folder.assetcatalog; path = Assets.xcassets; sourceTree = "<group>"; };
		745BC5631DCA18F100689EAE /* Base */ = {isa = PBXFileReference; lastKnownFileType = file.storyboard; name = Base; path = Base.lproj/LaunchScreen.storyboard; sourceTree = "<group>"; };
		745BC5651DCA18F100689EAE /* Info.plist */ = {isa = PBXFileReference; lastKnownFileType = text.plist.xml; path = Info.plist; sourceTree = "<group>"; };
		745BC56B1DCA1A1F00689EAE /* test.swift */ = {isa = PBXFileReference; fileEncoding = 4; lastKnownFileType = sourcecode.swift; path = test.swift; sourceTree = "<group>"; };
/* End PBXFileReference section */

/* Begin PBXFrameworksBuildPhase section */
		745BC5531DCA18EE00689EAE /* Frameworks */ = {
			isa = PBXFrameworksBuildPhase;
			buildActionMask = 2147483647;
			files = (
			);
			runOnlyForDeploymentPostprocessing = 0;
		};
/* End PBXFrameworksBuildPhase section */

/* Begin PBXGroup section */
		745BC54D1DCA18EE00689EAE = {
			isa = PBXGroup;
			children = (
				745BC5581DCA18F000689EAE /* EmptyProject */,
				745BC5571DCA18F000689EAE /* Products */,
			);
			sourceTree = "<group>";
		};
		745BC5571DCA18F000689EAE /* Products */ = {
			isa = PBXGroup;
			children = (
				745BC5561DCA18F000689EAE /* EmptyProject.app */,
			);
			name = Products;
			sourceTree = "<group>";
		};
		745BC5581DCA18F000689EAE /* EmptyProject */ = {
			isa = PBXGroup;
			children = (
				745BC5591DCA18F000689EAE /* AppDelegate.swift */,
				745BC55B1DCA18F000689EAE /* ViewController.swift */,
				745BC55D1DCA18F000689EAE /* Main.storyboard */,
				745BC5601DCA18F100689EAE /* Assets.xcassets */,
				745BC5621DCA18F100689EAE /* LaunchScreen.storyboard */,
				745BC5651DCA18F100689EAE /* Info.plist */,
				745BC56B1DCA1A1F00689EAE /* test.swift */,
			);
			path = EmptyProject;
			sourceTree = "<group>";
		};
/* End PBXGroup section */

/* Begin PBXNativeTarget section */
		745BC5551DCA18EE00689EAE /* EmptyProject */ = {
			isa = PBXNativeTarget;
			buildConfigurationList = 745BC5681DCA18F100689EAE /* Build configuration list for PBXNativeTarget "EmptyProject" */;
			buildPhases = (
				745BC5521DCA18EE00689EAE /* Sources */,
				745BC5531DCA18EE00689EAE /* Frameworks */,
				745BC5541DCA18EE00689EAE /* Resources */,
			);
			buildRules = (
			);
			dependencies = (
			);
			name = EmptyProject;
			productName = EmptyProject;
			productReference = 745BC5561DCA18F000689EAE /* EmptyProject.app */;
			productType = "com.apple.product-type.application";
		};
/* End PBXNativeTarget section */

/* Begin PBXProject section */
		745BC54E1DCA18EE00689EAE /* Project object */ = {
			isa = PBXProject;
			attributes = {
				LastSwiftUpdateCheck = 0810;
				LastUpgradeCheck = 0810;
				ORGANIZATIONNAME = "Joel P. Orona";
				TargetAttributes = {
					745BC5551DCA18EE00689EAE = {
						CreatedOnToolsVersion = 8.1;
						ProvisioningStyle = Automatic;
					};
				};
			};
			buildConfigurationList = 745BC5511DCA18EE00689EAE /* Build configuration list for PBXProject "EmptyProject" */;
			compatibilityVersion = "Xcode 3.2";
			developmentRegion = English;
			hasScannedForEncodings = 0;
			knownRegions = (
				en,
				Base,
			);
			mainGroup = 745BC54D1DCA18EE00689EAE;
			productRefGroup = 745BC5571DCA18F000689EAE /* Products */;
			projectDirPath = "";
			projectRoot = "";
			targets = (
				745BC5551DCA18EE00689EAE /* EmptyProject */,
			);
		};
/* End PBXProject section */

/* Begin PBXResourcesBuildPhase section */
		745BC5541DCA18EE00689EAE /* Resources */ = {
			isa = PBXResourcesBuildPhase;
			buildActionMask = 2147483647;
			files = (
				745BC5641DCA18F100689EAE /* LaunchScreen.storyboard in Resources */,
				745BC5611DCA18F100689EAE /* Assets.xcassets in Resources */,
				745BC55F1DCA18F000689EAE /* Main.storyboard in Resources */,
			);
			runOnlyForDeploymentPostprocessing = 0;
		};
/* End PBXResourcesBuildPhase section */

/* Begin PBXSourcesBuildPhase section */
		745BC5521DCA18EE00689EAE /* Sources */ = {
			isa = PBXSourcesBuildPhase;
			buildActionMask = 2147483647;
			files = (
				745BC55C1DCA18F000689EAE /* ViewController.swift in Sources */,
				745BC56C1DCA1A1F00689EAE /* test.swift in Sources */,
				745BC55A1DCA18F000689EAE /* AppDelegate.swift in Sources */,
			);
			runOnlyForDeploymentPostprocessing = 0;
		};
/* End PBXSourcesBuildPhase section */

/* Begin PBXVariantGroup section */
		745BC55D1DCA18F000689EAE /* Main.storyboard */ = {
			isa = PBXVariantGroup;
			children = (
				745BC55E1DCA18F000689EAE /* Base */,
			);
			name = Main.storyboard;
			sourceTree = "<group>";
		};
		745BC5621DCA18F100689EAE /* LaunchScreen.storyboard */ = {
			isa = PBXVariantGroup;
			children = (
				745BC5631DCA18F100689EAE /* Base */,
			);
			name = LaunchScreen.storyboard;
			sourceTree = "<group>";
		};
/* End PBXVariantGroup section */

/* Begin XCBuildConfiguration section */
		745BC5661DCA18F100689EAE /* Debug */ = {
			isa = XCBuildConfiguration;
			buildSettings = {
				ALWAYS_SEARCH_USER_PATHS = NO;
				CLANG_ANALYZER_NONNULL = YES;
				CLANG_CXX_LANGUAGE_STANDARD = "gnu++0x";
				CLANG_CXX_LIBRARY = "libc++";
				CLANG_ENABLE_MODULES = YES;
				CLANG_ENABLE_OBJC_ARC = YES;
				CLANG_WARN_BOOL_CONVERSION = YES;
				CLANG_WARN_CONSTANT_CONVERSION = YES;
				CLANG_WARN_DIRECT_OBJC_ISA_USAGE = YES_ERROR;
				CLANG_WARN_DOCUMENTATION_COMMENTS = YES;
				CLANG_WARN_EMPTY_BODY = YES;
				CLANG_WARN_ENUM_CONVERSION = YES;
				CLANG_WARN_INFINITE_RECURSION = YES;
				CLANG_WARN_INT_CONVERSION = YES;
				CLANG_WARN_OBJC_ROOT_CLASS = YES_ERROR;
				CLANG_WARN_SUSPICIOUS_MOVES = YES;
				CLANG_WARN_UNREACHABLE_CODE = YES;
				CLANG_WARN__DUPLICATE_METHOD_MATCH = YES;
				"CODE_SIGN_IDENTITY[sdk=iphoneos*]" = "iPhone Developer";
				COPY_PHASE_STRIP = NO;
				DEBUG_INFORMATION_FORMAT = dwarf;
				ENABLE_STRICT_OBJC_MSGSEND = YES;
				ENABLE_TESTABILITY = YES;
				GCC_C_LANGUAGE_STANDARD = gnu99;
				GCC_DYNAMIC_NO_PIC = NO;
				GCC_NO_COMMON_BLOCKS = YES;
				GCC_OPTIMIZATION_LEVEL = 0;
				GCC_PREPROCESSOR_DEFINITIONS = (
					"DEBUG=1",
					"$(inherited)",
				);
				GCC_WARN_64_TO_32_BIT_CONVERSION = YES;
				GCC_WARN_ABOUT_RETURN_TYPE = YES_ERROR;
				GCC_WARN_UNDECLARED_SELECTOR = YES;
				GCC_WARN_UNINITIALIZED_AUTOS = YES_AGGRESSIVE;
				GCC_WARN_UNUSED_FUNCTION = YES;
				GCC_WARN_UNUSED_VARIABLE = YES;
				IPHONEOS_DEPLOYMENT_TARGET = 10.1;
				MTL_ENABLE_DEBUG_INFO = YES;
				ONLY_ACTIVE_ARCH = YES;
				SDKROOT = iphoneos;
				SWIFT_ACTIVE_COMPILATION_CONDITIONS = DEBUG;
				SWIFT_OPTIMIZATION_LEVEL = "-Onone";
				TARGETED_DEVICE_FAMILY = "1,2";
			};
			name = Debug;
		};
		745BC5671DCA18F100689EAE /* Release */ = {
			isa = XCBuildConfiguration;
			buildSettings = {
				ALWAYS_SEARCH_USER_PATHS = NO;
				CLANG_ANALYZER_NONNULL = YES;
				CLANG_CXX_LANGUAGE_STANDARD = "gnu++0x";
				CLANG_CXX_LIBRARY = "libc++";
				CLANG_ENABLE_MODULES = YES;
				CLANG_ENABLE_OBJC_ARC = YES;
				CLANG_WARN_BOOL_CONVERSION = YES;
				CLANG_WARN_CONSTANT_CONVERSION = YES;
				CLANG_WARN_DIRECT_OBJC_ISA_USAGE = YES_ERROR;
				CLANG_WARN_DOCUMENTATION_COMMENTS = YES;
				CLANG_WARN_EMPTY_BODY = YES;
				CLANG_WARN_ENUM_CONVERSION = YES;
				CLANG_WARN_INFINITE_RECURSION = YES;
				CLANG_WARN_INT_CONVERSION = YES;
				CLANG_WARN_OBJC_ROOT_CLASS = YES_ERROR;
				CLANG_WARN_SUSPICIOUS_MOVES = YES;
				CLANG_WARN_UNREACHABLE_CODE = YES;
				CLANG_WARN__DUPLICATE_METHOD_MATCH = YES;
				"CODE_SIGN_IDENTITY[sdk=iphoneos*]" = "iPhone Developer";
				COPY_PHASE_STRIP = NO;
				DEBUG_INFORMATION_FORMAT = "dwarf-with-dsym";
				ENABLE_NS_ASSERTIONS = NO;
				ENABLE_STRICT_OBJC_MSGSEND = YES;
				GCC_C_LANGUAGE_STANDARD = gnu99;
				GCC_NO_COMMON_BLOCKS = YES;
				GCC_WARN_64_TO_32_BIT_CONVERSION = YES;
				GCC_WARN_ABOUT_RETURN_TYPE = YES_ERROR;
				GCC_WARN_UNDECLARED_SELECTOR = YES;
				GCC_WARN_UNINITIALIZED_AUTOS = YES_AGGRESSIVE;
				GCC_WARN_UNUSED_FUNCTION = YES;
				GCC_WARN_UNUSED_VARIABLE = YES;
				IPHONEOS_DEPLOYMENT_TARGET = 10.1;
				MTL_ENABLE_DEBUG_INFO = NO;
				SDKROOT = iphoneos;
				SWIFT_OPTIMIZATION_LEVEL = "-Owholemodule";
				TARGETED_DEVICE_FAMILY = "1,2";
				VALIDATE_PRODUCT = YES;
			};
			name = Release;
		};
		745BC5691DCA18F100689EAE /* Debug */ = {
			isa = XCBuildConfiguration;
			buildSettings = {
				ASSETCATALOG_COMPILER_APPICON_NAME = AppIcon;
				INFOPLIST_FILE = EmptyProject/Info.plist;
				LD_RUNPATH_SEARCH_PATHS = "$(inherited) @executable_path/Frameworks";
				PRODUCT_BUNDLE_IDENTIFIER = com.joelorona.EmptyProject;
				PRODUCT_NAME = "$(TARGET_NAME)";
				SWIFT_VERSION = 3.0;
			};
			name = Debug;
		};
		745BC56A1DCA18F100689EAE /* Release */ = {
			isa = XCBuildConfiguration;
			buildSettings = {
				ASSETCATALOG_COMPILER_APPICON_NAME = AppIcon;
				INFOPLIST_FILE = EmptyProject/Info.plist;
				LD_RUNPATH_SEARCH_PATHS = "$(inherited) @executable_path/Frameworks";
				PRODUCT_BUNDLE_IDENTIFIER = com.joelorona.EmptyProject;
				PRODUCT_NAME = "$(TARGET_NAME)";
				SWIFT_VERSION = 3.0;
			};
			name = Release;
		};
/* End XCBuildConfiguration section */

/* Begin XCConfigurationList section */
		745BC5511DCA18EE00689EAE /* Build configuration list for PBXProject "EmptyProject" */ = {
			isa = XCConfigurationList;
			buildConfigurations = (
				745BC5661DCA18F100689EAE /* Debug */,
				745BC5671DCA18F100689EAE /* Release */,
			);
			defaultConfigurationIsVisible = 0;
			defaultConfigurationName = Release;
		};
		745BC5681DCA18F100689EAE /* Build configuration list for PBXNativeTarget "EmptyProject" */ = {
			isa = XCConfigurationList;
			buildConfigurations = (
				745BC5691DCA18F100689EAE /* Debug */,
				745BC56A1DCA18F100689EAE /* Release */,
			);
			defaultConfigurationIsVisible = 0;
		};
/* End XCConfigurationList section */
	};
	rootObject = 745BC54E1DCA18EE00689EAE /* Project object */;
}
